dependencies:
- name: migrations
  repository: file://migrations
  version: 0.1.0
- name: service-1
  repository: file://service-1
  version: 0.1.0
- name: service-2
  repository: file://service-2
  version: 0.1.0
- name: service-3
  repository: file://service-3
  version: 0.1.0
digest: sha256:655227e1992c25cf31f12011e5870d7c5d7ff2971fdd350ba52113e058a37991
generated: "2023-09-12T00:46:49.521799357+02:00"
