dependencies:
- name: migrations
  repository: file://migrations
  version: 0.1.0
- name: service-1
  repository: file://service-1
  version: 0.1.0
- name: service-2
  repository: file://service-2
  version: 0.1.0
digest: sha256:596de4440e3d8d1aa4efadae5ed8b9b075d9fbb4111972bf530d175bf18e7c9d
generated: "2023-09-11T23:53:06.304108639+02:00"
